
Microsoft Visual Studio Solution File, Format Version 12.00
# Visual Studio Version 17
VisualStudioVersion = 17.11.35208.52
MinimumVisualStudioVersion = 10.0.40219.1
Project("{2150E333-8FDC-42A3-9474-1A3956D46DE8}") = "Services", "Services", "{2F08DDC4-E39F-4F04-9C4C-3B5B1BE9BD6C}"
EndProject
Project("{2150E333-8FDC-42A3-9474-1A3956D46DE8}") = "Catalog", "Catalog", "{C6DAC588-A1B3-4B17-9545-55248E65BEDA}"
EndProject
Project("{9A19103F-16F7-4668-BE54-9A1E7A4F7556}") = "Catalog.API", "Services\Catalog\Catalog.API\Catalog.API.csproj", "{D5F41209-B52B-4F03-BE9D-00FC73C6008B}"
EndProject
Project("{2150E333-8FDC-42A3-9474-1A3956D46DE8}") = "BuildingBlocks", "BuildingBlocks", "{426423CD-6A40-4756-89A2-4CCA0E48134B}"
EndProject
Project("{9A19103F-16F7-4668-BE54-9A1E7A4F7556}") = "BuildingBlocks", "BuildingBlocks\BuildingBlocks.csproj", "{94345E62-7D51-4221-92C4-32E315B79834}"
EndProject
Project("{E53339B2-1760-4266-BCC7-CA923CBCF16C}") = "docker-compose", "docker-compose.dcproj", "{261645B9-6961-45CD-8160-C504D1FCFAC0}"
EndProject
Global
	GlobalSection(SolutionConfigurationPlatforms) = preSolution
		Debug|Any CPU = Debug|Any CPU
		Release|Any CPU = Release|Any CPU
	EndGlobalSection
	GlobalSection(ProjectConfigurationPlatforms) = postSolution
		{D5F41209-B52B-4F03-BE9D-00FC73C6008B}.Debug|Any CPU.ActiveCfg = Debug|Any CPU
		{D5F41209-B52B-4F03-BE9D-00FC73C6008B}.Debug|Any CPU.Build.0 = Debug|Any CPU
		{D5F41209-B52B-4F03-BE9D-00FC73C6008B}.Release|Any CPU.ActiveCfg = Release|Any CPU
		{D5F41209-B52B-4F03-BE9D-00FC73C6008B}.Release|Any CPU.Build.0 = Release|Any CPU
		{94345E62-7D51-4221-92C4-32E315B79834}.Debug|Any CPU.ActiveCfg = Debug|Any CPU
		{94345E62-7D51-4221-92C4-32E315B79834}.Debug|Any CPU.Build.0 = Debug|Any CPU
		{94345E62-7D51-4221-92C4-32E315B79834}.Release|Any CPU.ActiveCfg = Release|Any CPU
		{94345E62-7D51-4221-92C4-32E315B79834}.Release|Any CPU.Build.0 = Release|Any CPU
		{261645B9-6961-45CD-8160-C504D1FCFAC0}.Debug|Any CPU.ActiveCfg = Debug|Any CPU
		{261645B9-6961-45CD-8160-C504D1FCFAC0}.Debug|Any CPU.Build.0 = Debug|Any CPU
		{261645B9-6961-45CD-8160-C504D1FCFAC0}.Release|Any CPU.ActiveCfg = Release|Any CPU
		{261645B9-6961-45CD-8160-C504D1FCFAC0}.Release|Any CPU.Build.0 = Release|Any CPU
	EndGlobalSection
	GlobalSection(SolutionProperties) = preSolution
		HideSolutionNode = FALSE
	EndGlobalSection
	GlobalSection(NestedProjects) = preSolution
		{C6DAC588-A1B3-4B17-9545-55248E65BEDA} = {2F08DDC4-E39F-4F04-9C4C-3B5B1BE9BD6C}
		{D5F41209-B52B-4F03-BE9D-00FC73C6008B} = {C6DAC588-A1B3-4B17-9545-55248E65BEDA}
		{94345E62-7D51-4221-92C4-32E315B79834} = {426423CD-6A40-4756-89A2-4CCA0E48134B}
	EndGlobalSection
	GlobalSection(ExtensibilityGlobals) = postSolution
		SolutionGuid = {BF3D494E-421A-427B-BC7D-CC896CEBD0FA}
	EndGlobalSection
EndGlobal
